
Microsoft Visual Studio Solution File, Format Version 12.00
# Visual Studio Version 16
VisualStudioVersion = 16.0.29025.244
MinimumVisualStudioVersion = 10.0.40219.1
Project("{FAE04EC0-301F-11D3-BF4B-00C04F79EFBC}") = "DogAndCatMultythreaded", "DogAndCatMultythreaded\DogAndCatMultythreaded.csproj", "{C9A80717-80CB-4AE2-ADFD-FAE67DE52574}"
EndProject
Project("{2150E333-8FDC-42A3-9474-1A3956D46DE8}") = "Solution Items", "Solution Items", "{AA3B9E93-7B07-4D9C-8D4A-30C9CC1879A5}"
	ProjectSection(SolutionItems) = preProject
		ReadMe.txt = ReadMe.txt
	EndProjectSection
EndProject
Global
	GlobalSection(SolutionConfigurationPlatforms) = preSolution
		Debug|Any CPU = Debug|Any CPU
		Release|Any CPU = Release|Any CPU
	EndGlobalSection
	GlobalSection(ProjectConfigurationPlatforms) = postSolution
		{C9A80717-80CB-4AE2-ADFD-FAE67DE52574}.Debug|Any CPU.ActiveCfg = Debug|Any CPU
		{C9A80717-80CB-4AE2-ADFD-FAE67DE52574}.Debug|Any CPU.Build.0 = Debug|Any CPU
		{C9A80717-80CB-4AE2-ADFD-FAE67DE52574}.Release|Any CPU.ActiveCfg = Release|Any CPU
		{C9A80717-80CB-4AE2-ADFD-FAE67DE52574}.Release|Any CPU.Build.0 = Release|Any CPU
	EndGlobalSection
	GlobalSection(SolutionProperties) = preSolution
		HideSolutionNode = FALSE
	EndGlobalSection
	GlobalSection(ExtensibilityGlobals) = postSolution
		SolutionGuid = {A0D30D56-A856-4B8D-A284-0CB3D75DD44B}
	EndGlobalSection
EndGlobal
